
Microsoft Visual Studio Solution File, Format Version 12.00
# Visual Studio Version 16
VisualStudioVersion = 16.0.30309.148
MinimumVisualStudioVersion = 10.0.40219.1
Project("{FAE04EC0-301F-11D3-BF4B-00C04F79EFBC}") = "Mercury", "Mercury\Mercury.csproj", "{4A70FD31-09B9-48D8-9DBA-7A192C87FFEF}"
EndProject
Global
	GlobalSection(SolutionConfigurationPlatforms) = preSolution
		Debug|Any CPU = Debug|Any CPU
		Release|Any CPU = Release|Any CPU
	EndGlobalSection
	GlobalSection(ProjectConfigurationPlatforms) = postSolution
		{4A70FD31-09B9-48D8-9DBA-7A192C87FFEF}.Debug|Any CPU.ActiveCfg = Debug|Any CPU
		{4A70FD31-09B9-48D8-9DBA-7A192C87FFEF}.Debug|Any CPU.Build.0 = Debug|Any CPU
		{4A70FD31-09B9-48D8-9DBA-7A192C87FFEF}.Release|Any CPU.ActiveCfg = Release|Any CPU
		{4A70FD31-09B9-48D8-9DBA-7A192C87FFEF}.Release|Any CPU.Build.0 = Release|Any CPU
	EndGlobalSection
	GlobalSection(SolutionProperties) = preSolution
		HideSolutionNode = FALSE
	EndGlobalSection
	GlobalSection(ExtensibilityGlobals) = postSolution
		SolutionGuid = {660B4B7E-FE2F-414A-863E-5499E751D0C0}
	EndGlobalSection
EndGlobal
